
Microsoft Visual Studio Solution File, Format Version 12.00
# Visual Studio Version 17
VisualStudioVersion = 17.5.33627.172
MinimumVisualStudioVersion = 10.0.40219.1
Project("{FAE04EC0-301F-11D3-BF4B-00C04F79EFBC}") = "13.06.2023HW", "13.06.2023HW\13.06.2023HW.csproj", "{F98E3FE5-DE9A-4D20-9331-531AF71AC530}"
EndProject
Global
	GlobalSection(SolutionConfigurationPlatforms) = preSolution
		Debug|Any CPU = Debug|Any CPU
		Release|Any CPU = Release|Any CPU
	EndGlobalSection
	GlobalSection(ProjectConfigurationPlatforms) = postSolution
		{F98E3FE5-DE9A-4D20-9331-531AF71AC530}.Debug|Any CPU.ActiveCfg = Debug|Any CPU
		{F98E3FE5-DE9A-4D20-9331-531AF71AC530}.Debug|Any CPU.Build.0 = Debug|Any CPU
		{F98E3FE5-DE9A-4D20-9331-531AF71AC530}.Release|Any CPU.ActiveCfg = Release|Any CPU
		{F98E3FE5-DE9A-4D20-9331-531AF71AC530}.Release|Any CPU.Build.0 = Release|Any CPU
	EndGlobalSection
	GlobalSection(SolutionProperties) = preSolution
		HideSolutionNode = FALSE
	EndGlobalSection
	GlobalSection(ExtensibilityGlobals) = postSolution
		SolutionGuid = {73091B71-A323-49E1-887F-F870025B938E}
	EndGlobalSection
EndGlobal
